
Microsoft Visual Studio Solution File, Format Version 12.00
# Visual Studio Version 17
VisualStudioVersion = 17.6.33829.357
MinimumVisualStudioVersion = 10.0.40219.1
Project("{FAE04EC0-301F-11D3-BF4B-00C04F79EFBC}") = "TeamFlowAutomation", "TeamFlowAutomation\TeamFlowAutomation.csproj", "{C11A14D8-9DFD-4C16-A896-EDA8A1478284}"
EndProject
Global
	GlobalSection(SolutionConfigurationPlatforms) = preSolution
		Debug|Any CPU = Debug|Any CPU
		Release|Any CPU = Release|Any CPU
	EndGlobalSection
	GlobalSection(ProjectConfigurationPlatforms) = postSolution
		{C11A14D8-9DFD-4C16-A896-EDA8A1478284}.Debug|Any CPU.ActiveCfg = Debug|Any CPU
		{C11A14D8-9DFD-4C16-A896-EDA8A1478284}.Debug|Any CPU.Build.0 = Debug|Any CPU
		{C11A14D8-9DFD-4C16-A896-EDA8A1478284}.Release|Any CPU.ActiveCfg = Release|Any CPU
		{C11A14D8-9DFD-4C16-A896-EDA8A1478284}.Release|Any CPU.Build.0 = Release|Any CPU
	EndGlobalSection
	GlobalSection(SolutionProperties) = preSolution
		HideSolutionNode = FALSE
	EndGlobalSection
	GlobalSection(ExtensibilityGlobals) = postSolution
		SolutionGuid = {E49281D8-7F10-4465-A20F-DFB4C24B2FE4}
	EndGlobalSection
EndGlobal
