
Microsoft Visual Studio Solution File, Format Version 12.00
# Visual Studio Version 17
VisualStudioVersion = 17.6.33829.357
MinimumVisualStudioVersion = 10.0.40219.1
Project("{FAE04EC0-301F-11D3-BF4B-00C04F79EFBC}") = "AutomationTeamFlow", "AutomationTeamFlow\AutomationTeamFlow.csproj", "{14140C8A-14FF-44AA-801E-93AF0C07D647}"
EndProject
Global
	GlobalSection(SolutionConfigurationPlatforms) = preSolution
		Debug|Any CPU = Debug|Any CPU
		Release|Any CPU = Release|Any CPU
	EndGlobalSection
	GlobalSection(ProjectConfigurationPlatforms) = postSolution
		{14140C8A-14FF-44AA-801E-93AF0C07D647}.Debug|Any CPU.ActiveCfg = Debug|Any CPU
		{14140C8A-14FF-44AA-801E-93AF0C07D647}.Debug|Any CPU.Build.0 = Debug|Any CPU
		{14140C8A-14FF-44AA-801E-93AF0C07D647}.Release|Any CPU.ActiveCfg = Release|Any CPU
		{14140C8A-14FF-44AA-801E-93AF0C07D647}.Release|Any CPU.Build.0 = Release|Any CPU
	EndGlobalSection
	GlobalSection(SolutionProperties) = preSolution
		HideSolutionNode = FALSE
	EndGlobalSection
	GlobalSection(ExtensibilityGlobals) = postSolution
		SolutionGuid = {5E090A6E-6630-42B2-A839-72D3AB08F751}
	EndGlobalSection
EndGlobal
